// !$*UTF8*$!
{
	archiveVersion = 1;
	classes = {
	};
	objectVersion = 46;
	objects = {

/* Begin PBXBuildFile section */
		59CB2D711CED5B2100F2028A /* AppDelegate.swift in Sources */ = {isa = PBXBuildFile; fileRef = 59CB2D701CED5B2100F2028A /* AppDelegate.swift */; };
		59CB2D731CED5B2100F2028A /* ViewController.swift in Sources */ = {isa = PBXBuildFile; fileRef = 59CB2D721CED5B2100F2028A /* ViewController.swift */; };
		59CB2D761CED5B2100F2028A /* Main.storyboard in Resources */ = {isa = PBXBuildFile; fileRef = 59CB2D741CED5B2100F2028A /* Main.storyboard */; };
		59CB2D781CED5B2100F2028A /* Assets.xcassets in Resources */ = {isa = PBXBuildFile; fileRef = 59CB2D771CED5B2100F2028A /* Assets.xcassets */; };
		59CB2D7B1CED5B2100F2028A /* LaunchScreen.storyboard in Resources */ = {isa = PBXBuildFile; fileRef = 59CB2D791CED5B2100F2028A /* LaunchScreen.storyboard */; };
		59CB2D831CED5B3100F2028A /* image.png in Resources */ = {isa = PBXBuildFile; fileRef = 59CB2D821CED5B3100F2028A /* image.png */; };
		59CB2D851CEDBB5A00F2028A /* download.jpeg in Resources */ = {isa = PBXBuildFile; fileRef = 59CB2D841CEDBB5A00F2028A /* download.jpeg */; };
		59CB2D871CEDC72400F2028A /* TransitionView.swift in Sources */ = {isa = PBXBuildFile; fileRef = 59CB2D861CEDC72400F2028A /* TransitionView.swift */; };
/* End PBXBuildFile section */

/* Begin PBXFileReference section */
		59CB2D6D1CED5B2100F2028A /* CoreImageSwift.app */ = {isa = PBXFileReference; explicitFileType = wrapper.application; includeInIndex = 0; path = CoreImageSwift.app; sourceTree = BUILT_PRODUCTS_DIR; };
		59CB2D701CED5B2100F2028A /* AppDelegate.swift */ = {isa = PBXFileReference; lastKnownFileType = sourcecode.swift; path = AppDelegate.swift; sourceTree = "<group>"; };
		59CB2D721CED5B2100F2028A /* ViewController.swift */ = {isa = PBXFileReference; lastKnownFileType = sourcecode.swift; path = ViewController.swift; sourceTree = "<group>"; };
		59CB2D751CED5B2100F2028A /* Base */ = {isa = PBXFileReference; lastKnownFileType = file.storyboard; name = Base; path = Base.lproj/Main.storyboard; sourceTree = "<group>"; };
		59CB2D771CED5B2100F2028A /* Assets.xcassets */ = {isa = PBXFileReference; lastKnownFileType = folder.assetcatalog; path = Assets.xcassets; sourceTree = "<group>"; };
		59CB2D7A1CED5B2100F2028A /* Base */ = {isa = PBXFileReference; lastKnownFileType = file.storyboard; name = Base; path = Base.lproj/LaunchScreen.storyboard; sourceTree = "<group>"; };
		59CB2D7C1CED5B2100F2028A /* Info.plist */ = {isa = PBXFileReference; lastKnownFileType = text.plist.xml; path = Info.plist; sourceTree = "<group>"; };
		59CB2D821CED5B3100F2028A /* image.png */ = {isa = PBXFileReference; lastKnownFileType = image.png; path = image.png; sourceTree = "<group>"; };
		59CB2D841CEDBB5A00F2028A /* download.jpeg */ = {isa = PBXFileReference; lastKnownFileType = image.jpeg; path = download.jpeg; sourceTree = "<group>"; };
		59CB2D861CEDC72400F2028A /* TransitionView.swift */ = {isa = PBXFileReference; fileEncoding = 4; lastKnownFileType = sourcecode.swift; path = TransitionView.swift; sourceTree = "<group>"; };
/* End PBXFileReference section */

/* Begin PBXFrameworksBuildPhase section */
		59CB2D6A1CED5B2100F2028A /* Frameworks */ = {
			isa = PBXFrameworksBuildPhase;
			buildActionMask = 2147483647;
			files = (
			);
			runOnlyForDeploymentPostprocessing = 0;
		};
/* End PBXFrameworksBuildPhase section */

/* Begin PBXGroup section */
		59CB2D641CED5B2100F2028A = {
			isa = PBXGroup;
			children = (
				59CB2D6F1CED5B2100F2028A /* CoreImageSwift */,
				59CB2D6E1CED5B2100F2028A /* Products */,
			);
			sourceTree = "<group>";
		};
		59CB2D6E1CED5B2100F2028A /* Products */ = {
			isa = PBXGroup;
			children = (
				59CB2D6D1CED5B2100F2028A /* CoreImageSwift.app */,
			);
			name = Products;
			sourceTree = "<group>";
		};
		59CB2D6F1CED5B2100F2028A /* CoreImageSwift */ = {
			isa = PBXGroup;
			children = (
				59CB2D701CED5B2100F2028A /* AppDelegate.swift */,
				59CB2D721CED5B2100F2028A /* ViewController.swift */,
				59CB2D861CEDC72400F2028A /* TransitionView.swift */,
				59CB2D741CED5B2100F2028A /* Main.storyboard */,
				59CB2D771CED5B2100F2028A /* Assets.xcassets */,
				59CB2D791CED5B2100F2028A /* LaunchScreen.storyboard */,
				59CB2D821CED5B3100F2028A /* image.png */,
				59CB2D841CEDBB5A00F2028A /* download.jpeg */,
				59CB2D7C1CED5B2100F2028A /* Info.plist */,
			);
			path = CoreImageSwift;
			sourceTree = "<group>";
		};
/* End PBXGroup section */

/* Begin PBXNativeTarget section */
		59CB2D6C1CED5B2100F2028A /* CoreImageSwift */ = {
			isa = PBXNativeTarget;
			buildConfigurationList = 59CB2D7F1CED5B2100F2028A /* Build configuration list for PBXNativeTarget "CoreImageSwift" */;
			buildPhases = (
				59CB2D691CED5B2100F2028A /* Sources */,
				59CB2D6A1CED5B2100F2028A /* Frameworks */,
				59CB2D6B1CED5B2100F2028A /* Resources */,
			);
			buildRules = (
			);
			dependencies = (
			);
			name = CoreImageSwift;
			productName = CoreImageSwift;
			productReference = 59CB2D6D1CED5B2100F2028A /* CoreImageSwift.app */;
			productType = "com.apple.product-type.application";
		};
/* End PBXNativeTarget section */

/* Begin PBXProject section */
		59CB2D651CED5B2100F2028A /* Project object */ = {
			isa = PBXProject;
			attributes = {
				LastSwiftUpdateCheck = 0730;
				LastUpgradeCheck = 0730;
				ORGANIZATIONNAME = "永超 沈";
				TargetAttributes = {
					59CB2D6C1CED5B2100F2028A = {
						CreatedOnToolsVersion = 7.3.1;
					};
				};
			};
			buildConfigurationList = 59CB2D681CED5B2100F2028A /* Build configuration list for PBXProject "CoreImageSwift" */;
			compatibilityVersion = "Xcode 3.2";
			developmentRegion = English;
			hasScannedForEncodings = 0;
			knownRegions = (
				en,
				Base,
			);
			mainGroup = 59CB2D641CED5B2100F2028A;
			productRefGroup = 59CB2D6E1CED5B2100F2028A /* Products */;
			projectDirPath = "";
			projectRoot = "";
			targets = (
				59CB2D6C1CED5B2100F2028A /* CoreImageSwift */,
			);
		};
/* End PBXProject section */

/* Begin PBXResourcesBuildPhase section */
		59CB2D6B1CED5B2100F2028A /* Resources */ = {
			isa = PBXResourcesBuildPhase;
			buildActionMask = 2147483647;
			files = (
				59CB2D7B1CED5B2100F2028A /* LaunchScreen.storyboard in Resources */,
				59CB2D781CED5B2100F2028A /* Assets.xcassets in Resources */,
				59CB2D851CEDBB5A00F2028A /* download.jpeg in Resources */,
				59CB2D761CED5B2100F2028A /* Main.storyboard in Resources */,
				59CB2D831CED5B3100F2028A /* image.png in Resources */,
			);
			runOnlyForDeploymentPostprocessing = 0;
		};
/* End PBXResourcesBuildPhase section */

/* Begin PBXSourcesBuildPhase section */
		59CB2D691CED5B2100F2028A /* Sources */ = {
			isa = PBXSourcesBuildPhase;
			buildActionMask = 2147483647;
			files = (
				59CB2D731CED5B2100F2028A /* ViewController.swift in Sources */,
				59CB2D711CED5B2100F2028A /* AppDelegate.swift in Sources */,
				59CB2D871CEDC72400F2028A /* TransitionView.swift in Sources */,
			);
			runOnlyForDeploymentPostprocessing = 0;
		};
/* End PBXSourcesBuildPhase section */

/* Begin PBXVariantGroup section */
		59CB2D741CED5B2100F2028A /* Main.storyboard */ = {
			isa = PBXVariantGroup;
			children = (
				59CB2D751CED5B2100F2028A /* Base */,
			);
			name = Main.storyboard;
			sourceTree = "<group>";
		};
		59CB2D791CED5B2100F2028A /* LaunchScreen.storyboard */ = {
			isa = PBXVariantGroup;
			children = (
				59CB2D7A1CED5B2100F2028A /* Base */,
			);
			name = LaunchScreen.storyboard;
			sourceTree = "<group>";
		};
/* End PBXVariantGroup section */

/* Begin XCBuildConfiguration section */
		59CB2D7D1CED5B2100F2028A /* Debug */ = {
			isa = XCBuildConfiguration;
			buildSettings = {
				ALWAYS_SEARCH_USER_PATHS = NO;
				CLANG_ANALYZER_NONNULL = YES;
				CLANG_CXX_LANGUAGE_STANDARD = "gnu++0x";
				CLANG_CXX_LIBRARY = "libc++";
				CLANG_ENABLE_MODULES = YES;
				CLANG_ENABLE_OBJC_ARC = YES;
				CLANG_WARN_BOOL_CONVERSION = YES;
				CLANG_WARN_CONSTANT_CONVERSION = YES;
				CLANG_WARN_DIRECT_OBJC_ISA_USAGE = YES_ERROR;
				CLANG_WARN_EMPTY_BODY = YES;
				CLANG_WARN_ENUM_CONVERSION = YES;
				CLANG_WARN_INT_CONVERSION = YES;
				CLANG_WARN_OBJC_ROOT_CLASS = YES_ERROR;
				CLANG_WARN_UNREACHABLE_CODE = YES;
				CLANG_WARN__DUPLICATE_METHOD_MATCH = YES;
				"CODE_SIGN_IDENTITY[sdk=iphoneos*]" = "iPhone Developer";
				COPY_PHASE_STRIP = NO;
				DEBUG_INFORMATION_FORMAT = dwarf;
				ENABLE_STRICT_OBJC_MSGSEND = YES;
				ENABLE_TESTABILITY = YES;
				GCC_C_LANGUAGE_STANDARD = gnu99;
				GCC_DYNAMIC_NO_PIC = NO;
				GCC_NO_COMMON_BLOCKS = YES;
				GCC_OPTIMIZATION_LEVEL = 0;
				GCC_PREPROCESSOR_DEFINITIONS = (
					"DEBUG=1",
					"$(inherited)",
				);
				GCC_WARN_64_TO_32_BIT_CONVERSION = YES;
				GCC_WARN_ABOUT_RETURN_TYPE = YES_ERROR;
				GCC_WARN_UNDECLARED_SELECTOR = YES;
				GCC_WARN_UNINITIALIZED_AUTOS = YES_AGGRESSIVE;
				GCC_WARN_UNUSED_FUNCTION = YES;
				GCC_WARN_UNUSED_VARIABLE = YES;
				IPHONEOS_DEPLOYMENT_TARGET = 9.3;
				MTL_ENABLE_DEBUG_INFO = YES;
				ONLY_ACTIVE_ARCH = YES;
				SDKROOT = iphoneos;
				SWIFT_OPTIMIZATION_LEVEL = "-Onone";
				TARGETED_DEVICE_FAMILY = "1,2";
			};
			name = Debug;
		};
		59CB2D7E1CED5B2100F2028A /* Release */ = {
			isa = XCBuildConfiguration;
			buildSettings = {
				ALWAYS_SEARCH_USER_PATHS = NO;
				CLANG_ANALYZER_NONNULL = YES;
				CLANG_CXX_LANGUAGE_STANDARD = "gnu++0x";
				CLANG_CXX_LIBRARY = "libc++";
				CLANG_ENABLE_MODULES = YES;
				CLANG_ENABLE_OBJC_ARC = YES;
				CLANG_WARN_BOOL_CONVERSION = YES;
				CLANG_WARN_CONSTANT_CONVERSION = YES;
				CLANG_WARN_DIRECT_OBJC_ISA_USAGE = YES_ERROR;
				CLANG_WARN_EMPTY_BODY = YES;
				CLANG_WARN_ENUM_CONVERSION = YES;
				CLANG_WARN_INT_CONVERSION = YES;
				CLANG_WARN_OBJC_ROOT_CLASS = YES_ERROR;
				CLANG_WARN_UNREACHABLE_CODE = YES;
				CLANG_WARN__DUPLICATE_METHOD_MATCH = YES;
				"CODE_SIGN_IDENTITY[sdk=iphoneos*]" = "iPhone Developer";
				COPY_PHASE_STRIP = NO;
				DEBUG_INFORMATION_FORMAT = "dwarf-with-dsym";
				ENABLE_NS_ASSERTIONS = NO;
				ENABLE_STRICT_OBJC_MSGSEND = YES;
				GCC_C_LANGUAGE_STANDARD = gnu99;
				GCC_NO_COMMON_BLOCKS = YES;
				GCC_WARN_64_TO_32_BIT_CONVERSION = YES;
				GCC_WARN_ABOUT_RETURN_TYPE = YES_ERROR;
				GCC_WARN_UNDECLARED_SELECTOR = YES;
				GCC_WARN_UNINITIALIZED_AUTOS = YES_AGGRESSIVE;
				GCC_WARN_UNUSED_FUNCTION = YES;
				GCC_WARN_UNUSED_VARIABLE = YES;
				IPHONEOS_DEPLOYMENT_TARGET = 9.3;
				MTL_ENABLE_DEBUG_INFO = NO;
				SDKROOT = iphoneos;
				TARGETED_DEVICE_FAMILY = "1,2";
				VALIDATE_PRODUCT = YES;
			};
			name = Release;
		};
		59CB2D801CED5B2100F2028A /* Debug */ = {
			isa = XCBuildConfiguration;
			buildSettings = {
				ASSETCATALOG_COMPILER_APPICON_NAME = AppIcon;
				INFOPLIST_FILE = CoreImageSwift/Info.plist;
				LD_RUNPATH_SEARCH_PATHS = "$(inherited) @executable_path/Frameworks";
				PRODUCT_BUNDLE_IDENTIFIER = "lunnersword-163.com.CoreImageSwift";
				PRODUCT_NAME = "$(TARGET_NAME)";
			};
			name = Debug;
		};
		59CB2D811CED5B2100F2028A /* Release */ = {
			isa = XCBuildConfiguration;
			buildSettings = {
				ASSETCATALOG_COMPILER_APPICON_NAME = AppIcon;
				INFOPLIST_FILE = CoreImageSwift/Info.plist;
				LD_RUNPATH_SEARCH_PATHS = "$(inherited) @executable_path/Frameworks";
				PRODUCT_BUNDLE_IDENTIFIER = "lunnersword-163.com.CoreImageSwift";
				PRODUCT_NAME = "$(TARGET_NAME)";
			};
			name = Release;
		};
/* End XCBuildConfiguration section */

/* Begin XCConfigurationList section */
		59CB2D681CED5B2100F2028A /* Build configuration list for PBXProject "CoreImageSwift" */ = {
			isa = XCConfigurationList;
			buildConfigurations = (
				59CB2D7D1CED5B2100F2028A /* Debug */,
				59CB2D7E1CED5B2100F2028A /* Release */,
			);
			defaultConfigurationIsVisible = 0;
			defaultConfigurationName = Release;
		};
		59CB2D7F1CED5B2100F2028A /* Build configuration list for PBXNativeTarget "CoreImageSwift" */ = {
			isa = XCConfigurationList;
			buildConfigurations = (
				59CB2D801CED5B2100F2028A /* Debug */,
				59CB2D811CED5B2100F2028A /* Release */,
			);
			defaultConfigurationIsVisible = 0;
		};
/* End XCConfigurationList section */
	};
	rootObject = 59CB2D651CED5B2100F2028A /* Project object */;
}
